
Microsoft Visual Studio Solution File, Format Version 12.00
# Visual Studio Version 17
VisualStudioVersion = 17.7.34024.191
MinimumVisualStudioVersion = 10.0.40219.1
Project("{8BC9CEB8-8B4A-11D0-8D11-00A0C91BC942}") = "Game_CR", "Game_CR\Game_CR.vcxproj", "{B1D21301-6341-4525-8CC3-896729861D86}"
EndProject
Project("{8BC9CEB8-8B4A-11D0-8D11-00A0C91BC942}") = "Omega", "Omega\Omega.vcxproj", "{DD525FF8-110C-4E24-963F-66FA2F8CB4EA}"
EndProject
Project("{8BC9CEB8-8B4A-11D0-8D11-00A0C91BC942}") = "glfw", "glfw_proj\src\glfw.vcxproj", "{FA999347-3780-3234-A099-E23C1B40BD7F}"
EndProject
Project("{8BC9CEB8-8B4A-11D0-8D11-00A0C91BC942}") = "glad", "glad\glad.vcxproj", "{338A51B0-77FC-47A4-BF49-A7272C1D47F5}"
EndProject
Project("{8BC9CEB8-8B4A-11D0-8D11-00A0C91BC942}") = "stbi", "stbi\stbi.vcxproj", "{8EAF898A-781D-4197-85B1-CFF77CBDA396}"
EndProject
Global
	GlobalSection(SolutionConfigurationPlatforms) = preSolution
		Debug|x64 = Debug|x64
		Debug|x86 = Debug|x86
		MinSizeRel|x64 = MinSizeRel|x64
		MinSizeRel|x86 = MinSizeRel|x86
		Release|x64 = Release|x64
		Release|x86 = Release|x86
		RelWithDebInfo|x64 = RelWithDebInfo|x64
		RelWithDebInfo|x86 = RelWithDebInfo|x86
	EndGlobalSection
	GlobalSection(ProjectConfigurationPlatforms) = postSolution
		{B1D21301-6341-4525-8CC3-896729861D86}.Debug|x64.ActiveCfg = Debug|x64
		{B1D21301-6341-4525-8CC3-896729861D86}.Debug|x64.Build.0 = Debug|x64
		{B1D21301-6341-4525-8CC3-896729861D86}.Debug|x86.ActiveCfg = Debug|Win32
		{B1D21301-6341-4525-8CC3-896729861D86}.Debug|x86.Build.0 = Debug|Win32
		{B1D21301-6341-4525-8CC3-896729861D86}.MinSizeRel|x64.ActiveCfg = Release|x64
		{B1D21301-6341-4525-8CC3-896729861D86}.MinSizeRel|x64.Build.0 = Release|x64
		{B1D21301-6341-4525-8CC3-896729861D86}.MinSizeRel|x86.ActiveCfg = Release|Win32
		{B1D21301-6341-4525-8CC3-896729861D86}.MinSizeRel|x86.Build.0 = Release|Win32
		{B1D21301-6341-4525-8CC3-896729861D86}.Release|x64.ActiveCfg = Release|x64
		{B1D21301-6341-4525-8CC3-896729861D86}.Release|x64.Build.0 = Release|x64
		{B1D21301-6341-4525-8CC3-896729861D86}.Release|x86.ActiveCfg = Release|Win32
		{B1D21301-6341-4525-8CC3-896729861D86}.Release|x86.Build.0 = Release|Win32
		{B1D21301-6341-4525-8CC3-896729861D86}.RelWithDebInfo|x64.ActiveCfg = Release|x64
		{B1D21301-6341-4525-8CC3-896729861D86}.RelWithDebInfo|x64.Build.0 = Release|x64
		{B1D21301-6341-4525-8CC3-896729861D86}.RelWithDebInfo|x86.ActiveCfg = Release|Win32
		{B1D21301-6341-4525-8CC3-896729861D86}.RelWithDebInfo|x86.Build.0 = Release|Win32
		{DD525FF8-110C-4E24-963F-66FA2F8CB4EA}.Debug|x64.ActiveCfg = Debug|x64
		{DD525FF8-110C-4E24-963F-66FA2F8CB4EA}.Debug|x64.Build.0 = Debug|x64
		{DD525FF8-110C-4E24-963F-66FA2F8CB4EA}.Debug|x86.ActiveCfg = Debug|Win32
		{DD525FF8-110C-4E24-963F-66FA2F8CB4EA}.Debug|x86.Build.0 = Debug|Win32
		{DD525FF8-110C-4E24-963F-66FA2F8CB4EA}.MinSizeRel|x64.ActiveCfg = Release|x64
		{DD525FF8-110C-4E24-963F-66FA2F8CB4EA}.MinSizeRel|x64.Build.0 = Release|x64
		{DD525FF8-110C-4E24-963F-66FA2F8CB4EA}.MinSizeRel|x86.ActiveCfg = Release|Win32
		{DD525FF8-110C-4E24-963F-66FA2F8CB4EA}.MinSizeRel|x86.Build.0 = Release|Win32
		{DD525FF8-110C-4E24-963F-66FA2F8CB4EA}.Release|x64.ActiveCfg = Release|x64
		{DD525FF8-110C-4E24-963F-66FA2F8CB4EA}.Release|x64.Build.0 = Release|x64
		{DD525FF8-110C-4E24-963F-66FA2F8CB4EA}.Release|x86.ActiveCfg = Release|Win32
		{DD525FF8-110C-4E24-963F-66FA2F8CB4EA}.Release|x86.Build.0 = Release|Win32
		{DD525FF8-110C-4E24-963F-66FA2F8CB4EA}.RelWithDebInfo|x64.ActiveCfg = Release|x64
		{DD525FF8-110C-4E24-963F-66FA2F8CB4EA}.RelWithDebInfo|x64.Build.0 = Release|x64
		{DD525FF8-110C-4E24-963F-66FA2F8CB4EA}.RelWithDebInfo|x86.ActiveCfg = Release|Win32
		{DD525FF8-110C-4E24-963F-66FA2F8CB4EA}.RelWithDebInfo|x86.Build.0 = Release|Win32
		{FA999347-3780-3234-A099-E23C1B40BD7F}.Debug|x64.ActiveCfg = Debug|x64
		{FA999347-3780-3234-A099-E23C1B40BD7F}.Debug|x64.Build.0 = Debug|x64
		{FA999347-3780-3234-A099-E23C1B40BD7F}.Debug|x86.ActiveCfg = Debug|x64
		{FA999347-3780-3234-A099-E23C1B40BD7F}.Debug|x86.Build.0 = Debug|x64
		{FA999347-3780-3234-A099-E23C1B40BD7F}.MinSizeRel|x64.ActiveCfg = MinSizeRel|x64
		{FA999347-3780-3234-A099-E23C1B40BD7F}.MinSizeRel|x64.Build.0 = MinSizeRel|x64
		{FA999347-3780-3234-A099-E23C1B40BD7F}.MinSizeRel|x86.ActiveCfg = MinSizeRel|x64
		{FA999347-3780-3234-A099-E23C1B40BD7F}.MinSizeRel|x86.Build.0 = MinSizeRel|x64
		{FA999347-3780-3234-A099-E23C1B40BD7F}.Release|x64.ActiveCfg = Release|x64
		{FA999347-3780-3234-A099-E23C1B40BD7F}.Release|x64.Build.0 = Release|x64
		{FA999347-3780-3234-A099-E23C1B40BD7F}.Release|x86.ActiveCfg = Release|x64
		{FA999347-3780-3234-A099-E23C1B40BD7F}.Release|x86.Build.0 = Release|x64
		{FA999347-3780-3234-A099-E23C1B40BD7F}.RelWithDebInfo|x64.ActiveCfg = RelWithDebInfo|x64
		{FA999347-3780-3234-A099-E23C1B40BD7F}.RelWithDebInfo|x64.Build.0 = RelWithDebInfo|x64
		{FA999347-3780-3234-A099-E23C1B40BD7F}.RelWithDebInfo|x86.ActiveCfg = RelWithDebInfo|x64
		{FA999347-3780-3234-A099-E23C1B40BD7F}.RelWithDebInfo|x86.Build.0 = RelWithDebInfo|x64
		{338A51B0-77FC-47A4-BF49-A7272C1D47F5}.Debug|x64.ActiveCfg = Debug|x64
		{338A51B0-77FC-47A4-BF49-A7272C1D47F5}.Debug|x64.Build.0 = Debug|x64
		{338A51B0-77FC-47A4-BF49-A7272C1D47F5}.Debug|x86.ActiveCfg = Debug|Win32
		{338A51B0-77FC-47A4-BF49-A7272C1D47F5}.Debug|x86.Build.0 = Debug|Win32
		{338A51B0-77FC-47A4-BF49-A7272C1D47F5}.MinSizeRel|x64.ActiveCfg = Debug|x64
		{338A51B0-77FC-47A4-BF49-A7272C1D47F5}.MinSizeRel|x64.Build.0 = Debug|x64
		{338A51B0-77FC-47A4-BF49-A7272C1D47F5}.MinSizeRel|x86.ActiveCfg = Debug|Win32
		{338A51B0-77FC-47A4-BF49-A7272C1D47F5}.MinSizeRel|x86.Build.0 = Debug|Win32
		{338A51B0-77FC-47A4-BF49-A7272C1D47F5}.Release|x64.ActiveCfg = Release|x64
		{338A51B0-77FC-47A4-BF49-A7272C1D47F5}.Release|x64.Build.0 = Release|x64
		{338A51B0-77FC-47A4-BF49-A7272C1D47F5}.Release|x86.ActiveCfg = Release|Win32
		{338A51B0-77FC-47A4-BF49-A7272C1D47F5}.Release|x86.Build.0 = Release|Win32
		{338A51B0-77FC-47A4-BF49-A7272C1D47F5}.RelWithDebInfo|x64.ActiveCfg = Release|x64
		{338A51B0-77FC-47A4-BF49-A7272C1D47F5}.RelWithDebInfo|x64.Build.0 = Release|x64
		{338A51B0-77FC-47A4-BF49-A7272C1D47F5}.RelWithDebInfo|x86.ActiveCfg = Release|Win32
		{338A51B0-77FC-47A4-BF49-A7272C1D47F5}.RelWithDebInfo|x86.Build.0 = Release|Win32
		{8EAF898A-781D-4197-85B1-CFF77CBDA396}.Debug|x64.ActiveCfg = Debug|x64
		{8EAF898A-781D-4197-85B1-CFF77CBDA396}.Debug|x64.Build.0 = Debug|x64
		{8EAF898A-781D-4197-85B1-CFF77CBDA396}.Debug|x86.ActiveCfg = Debug|Win32
		{8EAF898A-781D-4197-85B1-CFF77CBDA396}.Debug|x86.Build.0 = Debug|Win32
		{8EAF898A-781D-4197-85B1-CFF77CBDA396}.MinSizeRel|x64.ActiveCfg = Debug|x64
		{8EAF898A-781D-4197-85B1-CFF77CBDA396}.MinSizeRel|x64.Build.0 = Debug|x64
		{8EAF898A-781D-4197-85B1-CFF77CBDA396}.MinSizeRel|x86.ActiveCfg = Debug|Win32
		{8EAF898A-781D-4197-85B1-CFF77CBDA396}.MinSizeRel|x86.Build.0 = Debug|Win32
		{8EAF898A-781D-4197-85B1-CFF77CBDA396}.Release|x64.ActiveCfg = Release|x64
		{8EAF898A-781D-4197-85B1-CFF77CBDA396}.Release|x64.Build.0 = Release|x64
		{8EAF898A-781D-4197-85B1-CFF77CBDA396}.Release|x86.ActiveCfg = Release|Win32
		{8EAF898A-781D-4197-85B1-CFF77CBDA396}.Release|x86.Build.0 = Release|Win32
		{8EAF898A-781D-4197-85B1-CFF77CBDA396}.RelWithDebInfo|x64.ActiveCfg = Release|x64
		{8EAF898A-781D-4197-85B1-CFF77CBDA396}.RelWithDebInfo|x64.Build.0 = Release|x64
		{8EAF898A-781D-4197-85B1-CFF77CBDA396}.RelWithDebInfo|x86.ActiveCfg = Release|Win32
		{8EAF898A-781D-4197-85B1-CFF77CBDA396}.RelWithDebInfo|x86.Build.0 = Release|Win32
	EndGlobalSection
	GlobalSection(SolutionProperties) = preSolution
		HideSolutionNode = FALSE
	EndGlobalSection
	GlobalSection(ExtensibilityGlobals) = postSolution
		SolutionGuid = {A3F6ADE0-BFDF-4A15-930B-2F4EC41502EA}
	EndGlobalSection
EndGlobal
