
Microsoft Visual Studio Solution File, Format Version 12.00
# Visual Studio Version 17
VisualStudioVersion = 17.7.34024.191
MinimumVisualStudioVersion = 10.0.40219.1
Project("{8BC9CEB8-8B4A-11D0-8D11-00A0C91BC942}") = "Game_CR", "Game_CR\Game_CR.vcxproj", "{B1D21301-6341-4525-8CC3-896729861D86}"
EndProject
Project("{8BC9CEB8-8B4A-11D0-8D11-00A0C91BC942}") = "Omega", "Omega\Omega.vcxproj", "{DD525FF8-110C-4E24-963F-66FA2F8CB4EA}"
EndProject
Global
	GlobalSection(SolutionConfigurationPlatforms) = preSolution
		Debug|x64 = Debug|x64
		Debug|x86 = Debug|x86
		Release|x64 = Release|x64
		Release|x86 = Release|x86
	EndGlobalSection
	GlobalSection(ProjectConfigurationPlatforms) = postSolution
		{B1D21301-6341-4525-8CC3-896729861D86}.Debug|x64.ActiveCfg = Debug|x64
		{B1D21301-6341-4525-8CC3-896729861D86}.Debug|x64.Build.0 = Debug|x64
		{B1D21301-6341-4525-8CC3-896729861D86}.Debug|x86.ActiveCfg = Debug|Win32
		{B1D21301-6341-4525-8CC3-896729861D86}.Debug|x86.Build.0 = Debug|Win32
		{B1D21301-6341-4525-8CC3-896729861D86}.Release|x64.ActiveCfg = Release|x64
		{B1D21301-6341-4525-8CC3-896729861D86}.Release|x64.Build.0 = Release|x64
		{B1D21301-6341-4525-8CC3-896729861D86}.Release|x86.ActiveCfg = Release|Win32
		{B1D21301-6341-4525-8CC3-896729861D86}.Release|x86.Build.0 = Release|Win32
		{DD525FF8-110C-4E24-963F-66FA2F8CB4EA}.Debug|x64.ActiveCfg = Debug|x64
		{DD525FF8-110C-4E24-963F-66FA2F8CB4EA}.Debug|x64.Build.0 = Debug|x64
		{DD525FF8-110C-4E24-963F-66FA2F8CB4EA}.Debug|x86.ActiveCfg = Debug|Win32
		{DD525FF8-110C-4E24-963F-66FA2F8CB4EA}.Debug|x86.Build.0 = Debug|Win32
		{DD525FF8-110C-4E24-963F-66FA2F8CB4EA}.Release|x64.ActiveCfg = Release|x64
		{DD525FF8-110C-4E24-963F-66FA2F8CB4EA}.Release|x64.Build.0 = Release|x64
		{DD525FF8-110C-4E24-963F-66FA2F8CB4EA}.Release|x86.ActiveCfg = Release|Win32
		{DD525FF8-110C-4E24-963F-66FA2F8CB4EA}.Release|x86.Build.0 = Release|Win32
	EndGlobalSection
	GlobalSection(SolutionProperties) = preSolution
		HideSolutionNode = FALSE
	EndGlobalSection
	GlobalSection(ExtensibilityGlobals) = postSolution
		SolutionGuid = {A3F6ADE0-BFDF-4A15-930B-2F4EC41502EA}
	EndGlobalSection
EndGlobal
